<?xml version="1.0" encoding="UTF-8" standalone="yes" ?>
<CodeBlocks_project_file>
	<FileVersion major="1" minor="6" />
	<Project>
		<Option title="UA_source" />
		<Option pch_mode="2" />
		<Option compiler="wine_gnu_gcc_compiler" />
		<Build>
			<Target title="Debug">
				<Option output="bin/Debug/UA_source.exe" prefix_auto="0" extension_auto="0" />
				<Option working_dir="GAME" />
				<Option object_output="obj/Debug/" />
				<Option type="1" />
				<Option compiler="wine_gnu_gcc_compiler" />
				<Compiler>
					<Add option="-g" />
					<Add option="-O0" />
				</Compiler>
			</Target>
			<Target title="Release">
				<Option output="bin/Release/UA_source.exe" prefix_auto="0" extension_auto="0" />
				<Option working_dir="GAME" />
				<Option object_output="obj/Release/" />
				<Option type="1" />
				<Option compiler="wine_gnu_gcc_compiler" />
				<Option host_application="wine" />
				<Option run_host_application_in_terminal="0" />
				<Compiler>
					<Add option="-O2" />
				</Compiler>
				<Linker>
					<Add option="-s" />
				</Linker>
			</Target>
		</Build>
		<Compiler>
			<Add option="-Wall" />
			<Add option="-fexceptions" />
			<Add option="-m32" />
			<Add option="-Wno-invalid-offsetof" />
		</Compiler>
		<Linker>
			<Add option="-m32" />
			<Add library="ole32" />
			<Add library="gdi32" />
			<Add library="dxguid" />
			<Add library="ddraw" />
			<Add library="imm32" />
			<Add library="msvcrt" />
			<Add library="dinput" />
		</Linker>
		<Unit filename="MC.cpp" />
		<Unit filename="MC.h" />
		<Unit filename="MFILE.cpp" />
		<Unit filename="MFILE.h" />
		<Unit filename="ade.cpp" />
		<Unit filename="ade.h" />
		<Unit filename="amesh.cpp" />
		<Unit filename="amesh.h" />
		<Unit filename="area.cpp" />
		<Unit filename="area.h" />
		<Unit filename="base.cpp" />
		<Unit filename="base.h" />
		<Unit filename="bitmap.cpp" />
		<Unit filename="bitmap.h" />
		<Unit filename="bmpAnm.cpp" />
		<Unit filename="bmpAnm.h" />
		<Unit filename="button.cpp" />
		<Unit filename="button.h" />
		<Unit filename="classes.cpp" />
		<Unit filename="classes.h" />
		<Unit filename="def_parser.cpp" />
		<Unit filename="def_parser.h" />
		<Unit filename="display.cpp" />
		<Unit filename="display.h" />
		<Unit filename="embed.cpp" />
		<Unit filename="embed.h" />
		<Unit filename="engine_gfx.cpp" />
		<Unit filename="engine_gfx.h" />
		<Unit filename="engine_input.cpp" />
		<Unit filename="engine_input.h" />
		<Unit filename="engine_miles.cpp" />
		<Unit filename="engine_miles.h" />
		<Unit filename="engine_tform.cpp" />
		<Unit filename="engine_tform.h" />
		<Unit filename="font.cpp" />
		<Unit filename="font.h" />
		<Unit filename="glob_funcs.cpp" />
		<Unit filename="glob_funcs.h" />
		<Unit filename="global.h" />
		<Unit filename="idev.cpp" />
		<Unit filename="idev.h" />
		<Unit filename="ilbm.cpp" />
		<Unit filename="ilbm.h" />
		<Unit filename="includes.h" />
		<Unit filename="ini.cpp" />
		<Unit filename="ini.h" />
		<Unit filename="input.cpp" />
		<Unit filename="input.h" />
		<Unit filename="itimer.cpp" />
		<Unit filename="itimer.h" />
		<Unit filename="iwimp.cpp" />
		<Unit filename="iwimp.h" />
		<Unit filename="log.cpp" />
		<Unit filename="log.h" />
		<Unit filename="lstvw.cpp" />
		<Unit filename="lstvw.h" />
		<Unit filename="main.cpp" />
		<Unit filename="network.cpp" />
		<Unit filename="network.h" />
		<Unit filename="nlist.cpp" />
		<Unit filename="nlist.h" />
		<Unit filename="nucleas.cpp" />
		<Unit filename="nucleas.h" />
		<Unit filename="particle.cpp" />
		<Unit filename="particle.h" />
		<Unit filename="raster.cpp" />
		<Unit filename="raster.h" />
		<Unit filename="rsrc.cpp" />
		<Unit filename="rsrc.h" />
		<Unit filename="sample.cpp" />
		<Unit filename="sample.h" />
		<Unit filename="skeleton.cpp" />
		<Unit filename="skeleton.h" />
		<Unit filename="sklt.cpp" />
		<Unit filename="sklt.h" />
		<Unit filename="utils.cpp" />
		<Unit filename="utils.h" />
		<Unit filename="wav.cpp" />
		<Unit filename="wav.h" />
		<Unit filename="win3d.cpp" />
		<Unit filename="win3d.h" />
		<Unit filename="windd.cpp" />
		<Unit filename="windd.h" />
		<Unit filename="windp.cpp" />
		<Unit filename="windp.h" />
		<Unit filename="winp.cpp" />
		<Unit filename="winp.h" />
		<Unit filename="wintimer.cpp" />
		<Unit filename="wintimer.h" />
		<Unit filename="ypabact.cpp" />
		<Unit filename="ypabact.h" />
		<Unit filename="ypacar.cpp" />
		<Unit filename="ypacar.h" />
		<Unit filename="ypaflyer.cpp" />
		<Unit filename="ypaflyer.h" />
		<Unit filename="ypagun.cpp" />
		<Unit filename="ypagun.h" />
		<Unit filename="ypamissile.cpp" />
		<Unit filename="ypamissile.h" />
		<Unit filename="yparobo.cpp" />
		<Unit filename="yparobo.h" />
		<Unit filename="ypatank.cpp" />
		<Unit filename="ypatank.h" />
		<Unit filename="ypaufo.cpp" />
		<Unit filename="ypaufo.h" />
		<Unit filename="yw.cpp" />
		<Unit filename="yw.h" />
		<Unit filename="yw_brif.cpp" />
		<Unit filename="yw_func2.cpp" />
		<Unit filename="yw_funcs.cpp" />
		<Unit filename="yw_game.cpp" />
		<Unit filename="yw_internal.h" />
		<Unit filename="yw_protos.cpp" />
		<Unit filename="yw_save.cpp" />
		<Extensions>
			<code_completion />
			<envvars />
			<debugger />
		</Extensions>
	</Project>
</CodeBlocks_project_file>
